
Microsoft Visual Studio Solution File, Format Version 12.00
# Visual Studio Version 17
VisualStudioVersion = 17.6.33829.357
MinimumVisualStudioVersion = 10.0.40219.1
Project("{FAE04EC0-301F-11D3-BF4B-00C04F79EFBC}") = "ShiftCalculator", "ShiftCalculator\ShiftCalculator.csproj", "{11EB7CC6-D187-446F-BB38-D519D3DCE5DA}"
EndProject
Global
	GlobalSection(SolutionConfigurationPlatforms) = preSolution
		Debug|Any CPU = Debug|Any CPU
		Release|Any CPU = Release|Any CPU
	EndGlobalSection
	GlobalSection(ProjectConfigurationPlatforms) = postSolution
		{11EB7CC6-D187-446F-BB38-D519D3DCE5DA}.Debug|Any CPU.ActiveCfg = Debug|Any CPU
		{11EB7CC6-D187-446F-BB38-D519D3DCE5DA}.Debug|Any CPU.Build.0 = Debug|Any CPU
		{11EB7CC6-D187-446F-BB38-D519D3DCE5DA}.Release|Any CPU.ActiveCfg = Release|Any CPU
		{11EB7CC6-D187-446F-BB38-D519D3DCE5DA}.Release|Any CPU.Build.0 = Release|Any CPU
	EndGlobalSection
	GlobalSection(SolutionProperties) = preSolution
		HideSolutionNode = FALSE
	EndGlobalSection
	GlobalSection(ExtensibilityGlobals) = postSolution
		SolutionGuid = {5BA25E9A-9A2D-459D-A9FD-EE4E6C98C796}
	EndGlobalSection
EndGlobal
